
Microsoft Visual Studio Solution File, Format Version 12.00
# Visual Studio Version 16
VisualStudioVersion = 16.0.31229.75
MinimumVisualStudioVersion = 10.0.40219.1
Project("{9A19103F-16F7-4668-BE54-9A1E7A4F7556}") = "Diplom", "Diplom\Diplom.csproj", "{2657C159-2135-4DB2-A149-33321F5AD7BD}"
EndProject
Project("{FAE04EC0-301F-11D3-BF4B-00C04F79EFBC}") = "Tests", "Tests\Tests.csproj", "{6D3477B1-A0A1-43AC-B1F7-1E6DF38315A1}"
EndProject
Global
	GlobalSection(SolutionConfigurationPlatforms) = preSolution
		Debug|Any CPU = Debug|Any CPU
		Release|Any CPU = Release|Any CPU
	EndGlobalSection
	GlobalSection(ProjectConfigurationPlatforms) = postSolution
		{2657C159-2135-4DB2-A149-33321F5AD7BD}.Debug|Any CPU.ActiveCfg = Debug|Any CPU
		{2657C159-2135-4DB2-A149-33321F5AD7BD}.Debug|Any CPU.Build.0 = Debug|Any CPU
		{2657C159-2135-4DB2-A149-33321F5AD7BD}.Release|Any CPU.ActiveCfg = Release|Any CPU
		{2657C159-2135-4DB2-A149-33321F5AD7BD}.Release|Any CPU.Build.0 = Release|Any CPU
		{6D3477B1-A0A1-43AC-B1F7-1E6DF38315A1}.Debug|Any CPU.ActiveCfg = Debug|Any CPU
		{6D3477B1-A0A1-43AC-B1F7-1E6DF38315A1}.Debug|Any CPU.Build.0 = Debug|Any CPU
		{6D3477B1-A0A1-43AC-B1F7-1E6DF38315A1}.Release|Any CPU.ActiveCfg = Release|Any CPU
		{6D3477B1-A0A1-43AC-B1F7-1E6DF38315A1}.Release|Any CPU.Build.0 = Release|Any CPU
	EndGlobalSection
	GlobalSection(SolutionProperties) = preSolution
		HideSolutionNode = FALSE
	EndGlobalSection
	GlobalSection(ExtensibilityGlobals) = postSolution
		SolutionGuid = {DC5623FB-BA32-4573-8320-2E03A37F95ED}
	EndGlobalSection
EndGlobal
